
Microsoft Visual Studio Solution File, Format Version 12.00
# Visual Studio Version 16
VisualStudioVersion = 16.0.32126.315
MinimumVisualStudioVersion = 10.0.40219.1
Project("{9A19103F-16F7-4668-BE54-9A1E7A4F7556}") = "XLAuthenticatorNet", "XLAuthenticatorNet\XLAuthenticatorNet.csproj", "{1AEFADE0-0F21-48CE-A9B7-97D90A8AB933}"
EndProject
Project("{2150E333-8FDC-42A3-9474-1A3956D46DE8}") = ".root", ".root", "{0D6A9C39-5F08-4770-9BF3-BF4CF3227AFE}"
	ProjectSection(SolutionItems) = preProject
		.github = .github
		.gitignore = .gitignore
		App.config = App.config
		LICENSE = LICENSE
		populate_locale.ps1 = populate_locale.ps1
		README.md = README.md
		XLAuthenticatorNet.sln.DotSettings = XLAuthenticatorNet.sln.DotSettings
		XLAuthenticatorNet.sln.DotSettings.user = XLAuthenticatorNet.sln.DotSettings.user
	EndProjectSection
EndProject
Global
	GlobalSection(SolutionConfigurationPlatforms) = preSolution
		Debug|Any CPU = Debug|Any CPU
		Release|Any CPU = Release|Any CPU
		ReleaseNoUpdate|Any CPU = ReleaseNoUpdate|Any CPU
	EndGlobalSection
	GlobalSection(ProjectConfigurationPlatforms) = postSolution
		{1AEFADE0-0F21-48CE-A9B7-97D90A8AB933}.Debug|Any CPU.ActiveCfg = Debug|Any CPU
		{1AEFADE0-0F21-48CE-A9B7-97D90A8AB933}.Debug|Any CPU.Build.0 = Debug|Any CPU
		{1AEFADE0-0F21-48CE-A9B7-97D90A8AB933}.Release|Any CPU.ActiveCfg = Release|Any CPU
		{1AEFADE0-0F21-48CE-A9B7-97D90A8AB933}.Release|Any CPU.Build.0 = Release|Any CPU
		{1AEFADE0-0F21-48CE-A9B7-97D90A8AB933}.ReleaseNoUpdate|Any CPU.ActiveCfg = Debug|Any CPU
		{1AEFADE0-0F21-48CE-A9B7-97D90A8AB933}.ReleaseNoUpdate|Any CPU.Build.0 = Debug|Any CPU
	EndGlobalSection
	GlobalSection(SolutionProperties) = preSolution
		HideSolutionNode = FALSE
	EndGlobalSection
	GlobalSection(ExtensibilityGlobals) = postSolution
		SolutionGuid = {8D50A59A-6486-4AE7-9C11-7060CA2C7647}
	EndGlobalSection
EndGlobal
